
Microsoft Visual Studio Solution File, Format Version 12.00
# Visual Studio 15
VisualStudioVersion = 15.0.27703.2035
MinimumVisualStudioVersion = 10.0.40219.1
Project("{FAE04EC0-301F-11D3-BF4B-00C04F79EFBC}") = "WiMwpf", "WiMwpf.csproj", "{D22F9A13-5BCB-4712-BCE5-456C68744CBA}"
EndProject
Project("{FAE04EC0-301F-11D3-BF4B-00C04F79EFBC}") = "WiMcore", "..\WiMcore\WiMcore.csproj", "{7C8791EE-1486-47F1-8FAD-C579612E0651}"
EndProject
Project("{E24C65DC-7377-472B-9ABA-BC803B73C61A}") = "WiMExtensionTfs", "..\WiMExtensionTfs\", "{DA88A54A-9030-4FCE-81FF-E935E9F26C45}"
	ProjectSection(WebsiteProperties) = preProject
		TargetFrameworkMoniker = ".NETFramework,Version%3Dv4.6.1"
		Debug.AspNetCompiler.VirtualPath = "/localhost_62695"
		Debug.AspNetCompiler.PhysicalPath = "..\WiMExtensionTfs\"
		Debug.AspNetCompiler.TargetPath = "PrecompiledWeb\localhost_62695\"
		Debug.AspNetCompiler.Updateable = "true"
		Debug.AspNetCompiler.ForceOverwrite = "true"
		Debug.AspNetCompiler.FixedNames = "false"
		Debug.AspNetCompiler.Debug = "True"
		Release.AspNetCompiler.VirtualPath = "/localhost_62695"
		Release.AspNetCompiler.PhysicalPath = "..\WiMExtensionTfs\"
		Release.AspNetCompiler.TargetPath = "PrecompiledWeb\localhost_62695\"
		Release.AspNetCompiler.Updateable = "true"
		Release.AspNetCompiler.ForceOverwrite = "true"
		Release.AspNetCompiler.FixedNames = "false"
		Release.AspNetCompiler.Debug = "False"
		VWDPort = "62695"
		SlnRelativePath = "..\WiMExtensionTfs\"
		DefaultWebSiteLanguage = "Visual C#"
	EndProjectSection
EndProject
Global
	GlobalSection(SolutionConfigurationPlatforms) = preSolution
		Debug|Any CPU = Debug|Any CPU
		Release|Any CPU = Release|Any CPU
	EndGlobalSection
	GlobalSection(ProjectConfigurationPlatforms) = postSolution
		{D22F9A13-5BCB-4712-BCE5-456C68744CBA}.Debug|Any CPU.ActiveCfg = Debug|Any CPU
		{D22F9A13-5BCB-4712-BCE5-456C68744CBA}.Debug|Any CPU.Build.0 = Debug|Any CPU
		{D22F9A13-5BCB-4712-BCE5-456C68744CBA}.Release|Any CPU.ActiveCfg = Release|Any CPU
		{D22F9A13-5BCB-4712-BCE5-456C68744CBA}.Release|Any CPU.Build.0 = Release|Any CPU
		{7C8791EE-1486-47F1-8FAD-C579612E0651}.Debug|Any CPU.ActiveCfg = Debug|Any CPU
		{7C8791EE-1486-47F1-8FAD-C579612E0651}.Debug|Any CPU.Build.0 = Debug|Any CPU
		{7C8791EE-1486-47F1-8FAD-C579612E0651}.Release|Any CPU.ActiveCfg = Release|Any CPU
		{7C8791EE-1486-47F1-8FAD-C579612E0651}.Release|Any CPU.Build.0 = Release|Any CPU
		{DA88A54A-9030-4FCE-81FF-E935E9F26C45}.Debug|Any CPU.ActiveCfg = Debug|Any CPU
		{DA88A54A-9030-4FCE-81FF-E935E9F26C45}.Debug|Any CPU.Build.0 = Debug|Any CPU
		{DA88A54A-9030-4FCE-81FF-E935E9F26C45}.Release|Any CPU.ActiveCfg = Debug|Any CPU
		{DA88A54A-9030-4FCE-81FF-E935E9F26C45}.Release|Any CPU.Build.0 = Debug|Any CPU
	EndGlobalSection
	GlobalSection(SolutionProperties) = preSolution
		HideSolutionNode = FALSE
	EndGlobalSection
	GlobalSection(ExtensibilityGlobals) = postSolution
		SolutionGuid = {8BEF9DAD-C941-4353-9CE7-5F9BDE6C36D4}
	EndGlobalSection
EndGlobal
